
Microsoft Visual Studio Solution File, Format Version 12.00
# Visual Studio Version 17
VisualStudioVersion = 17.0.31903.59
MinimumVisualStudioVersion = 10.0.40219.1
Project("{2150E333-8FDC-42A3-9474-1A3956D46DE8}") = "src", "src", "{827E0CD3-B72D-47B6-A68D-7590B98EB39B}"
EndProject
Project("{2150E333-8FDC-42A3-9474-1A3956D46DE8}") = "Host", "Host", "{981C2CF6-E5BB-602A-511C-234B538302B0}"
EndProject
Project("{FAE04EC0-301F-11D3-BF4B-00C04F79EFBC}") = "WebHost", "..\platform-host\src\Host\WebHost\WebHost.csproj", "{B940872F-C678-4E4D-A1A7-00209A276575}"
EndProject
Project("{2150E333-8FDC-42A3-9474-1A3956D46DE8}") = "Platform", "Platform", "{4DF80442-A1E5-CC28-AE7B-27B5F9BFE52B}"
EndProject
Project("{FAE04EC0-301F-11D3-BF4B-00C04F79EFBC}") = "Platform.Core", "..\platform-core\src\Platform.Core\Platform.Core.csproj", "{29752476-FAFD-4024-91C5-1DC9D0CBBD9A}"
EndProject
Project("{FAE04EC0-301F-11D3-BF4B-00C04F79EFBC}") = "Platform.Shared", "..\platform-core\src\Platform.Shared\Platform.Shared.csproj", "{E375271D-E027-43BA-8D4B-4AAAA553EC97}"
EndProject
Project("{FAE04EC0-301F-11D3-BF4B-00C04F79EFBC}") = "Platform.Infrastructure", "..\platform-infrastructure\src\Platform.Infrastructure\Platform.Infrastructure.csproj", "{79E64BE4-A2EF-4EC6-951E-49BD73809F19}"
EndProject
Project("{2150E333-8FDC-42A3-9474-1A3956D46DE8}") = "Modules", "Modules", "{EC447DCF-ABFA-6E24-52A5-D7FD48A5C558}"
EndProject
Project("{2150E333-8FDC-42A3-9474-1A3956D46DE8}") = "Billing", "Billing", "{61DCC6D7-ECE4-129F-6A42-39B2DD414C68}"
EndProject
Project("{FAE04EC0-301F-11D3-BF4B-00C04F79EFBC}") = "Billing.Module", "..\module-billing\src\Billing.Module\Billing.Module.csproj", "{9655719D-1194-4C06-B79B-324838DA165D}"
EndProject
Project("{FAE04EC0-301F-11D3-BF4B-00C04F79EFBC}") = "Billing.Domain", "..\module-billing\src\Billing.Domain\Billing.Domain.csproj", "{129A69FA-E900-4F8D-AD24-CFFE22609E78}"
EndProject
Project("{FAE04EC0-301F-11D3-BF4B-00C04F79EFBC}") = "Billing.Application", "..\module-billing\src\Billing.Application\Billing.Application.csproj", "{1B9AB992-1D47-4ABA-8413-FA0A7A85E1B2}"
EndProject
Project("{FAE04EC0-301F-11D3-BF4B-00C04F79EFBC}") = "Billing.Infrastructure", "..\module-billing\src\Billing.Infrastructure\Billing.Infrastructure.csproj", "{D7F25804-B726-47A4-A2C3-8BA3EAF465B6}"
EndProject
Project("{2150E333-8FDC-42A3-9474-1A3956D46DE8}") = "Tools", "Tools", "{DCB6FCB8-FF92-AC57-0842-1F72A354D6B1}"
EndProject
Project("{FAE04EC0-301F-11D3-BF4B-00C04F79EFBC}") = "Tenant.Cli", "..\tenant-cli\src\Tenant.Cli\Tenant.Cli.csproj", "{808A7DD0-9A3C-4FB1-890A-75BA224C76B9}"
EndProject
Global
	GlobalSection(SolutionConfigurationPlatforms) = preSolution
		Debug|Any CPU = Debug|Any CPU
		Debug|x64 = Debug|x64
		Debug|x86 = Debug|x86
		Release|Any CPU = Release|Any CPU
		Release|x64 = Release|x64
		Release|x86 = Release|x86
	EndGlobalSection
	GlobalSection(ProjectConfigurationPlatforms) = postSolution
		{B940872F-C678-4E4D-A1A7-00209A276575}.Debug|Any CPU.ActiveCfg = Debug|Any CPU
		{B940872F-C678-4E4D-A1A7-00209A276575}.Debug|Any CPU.Build.0 = Debug|Any CPU
		{B940872F-C678-4E4D-A1A7-00209A276575}.Debug|x64.ActiveCfg = Debug|Any CPU
		{B940872F-C678-4E4D-A1A7-00209A276575}.Debug|x64.Build.0 = Debug|Any CPU
		{B940872F-C678-4E4D-A1A7-00209A276575}.Debug|x86.ActiveCfg = Debug|Any CPU
		{B940872F-C678-4E4D-A1A7-00209A276575}.Debug|x86.Build.0 = Debug|Any CPU
		{B940872F-C678-4E4D-A1A7-00209A276575}.Release|Any CPU.ActiveCfg = Release|Any CPU
		{B940872F-C678-4E4D-A1A7-00209A276575}.Release|Any CPU.Build.0 = Release|Any CPU
		{B940872F-C678-4E4D-A1A7-00209A276575}.Release|x64.ActiveCfg = Release|Any CPU
		{B940872F-C678-4E4D-A1A7-00209A276575}.Release|x64.Build.0 = Release|Any CPU
		{B940872F-C678-4E4D-A1A7-00209A276575}.Release|x86.ActiveCfg = Release|Any CPU
		{B940872F-C678-4E4D-A1A7-00209A276575}.Release|x86.Build.0 = Release|Any CPU
		{29752476-FAFD-4024-91C5-1DC9D0CBBD9A}.Debug|Any CPU.ActiveCfg = Debug|Any CPU
		{29752476-FAFD-4024-91C5-1DC9D0CBBD9A}.Debug|Any CPU.Build.0 = Debug|Any CPU
		{29752476-FAFD-4024-91C5-1DC9D0CBBD9A}.Debug|x64.ActiveCfg = Debug|Any CPU
		{29752476-FAFD-4024-91C5-1DC9D0CBBD9A}.Debug|x64.Build.0 = Debug|Any CPU
		{29752476-FAFD-4024-91C5-1DC9D0CBBD9A}.Debug|x86.ActiveCfg = Debug|Any CPU
		{29752476-FAFD-4024-91C5-1DC9D0CBBD9A}.Debug|x86.Build.0 = Debug|Any CPU
		{29752476-FAFD-4024-91C5-1DC9D0CBBD9A}.Release|Any CPU.ActiveCfg = Release|Any CPU
		{29752476-FAFD-4024-91C5-1DC9D0CBBD9A}.Release|Any CPU.Build.0 = Release|Any CPU
		{29752476-FAFD-4024-91C5-1DC9D0CBBD9A}.Release|x64.ActiveCfg = Release|Any CPU
		{29752476-FAFD-4024-91C5-1DC9D0CBBD9A}.Release|x64.Build.0 = Release|Any CPU
		{29752476-FAFD-4024-91C5-1DC9D0CBBD9A}.Release|x86.ActiveCfg = Release|Any CPU
		{29752476-FAFD-4024-91C5-1DC9D0CBBD9A}.Release|x86.Build.0 = Release|Any CPU
		{E375271D-E027-43BA-8D4B-4AAAA553EC97}.Debug|Any CPU.ActiveCfg = Debug|Any CPU
		{E375271D-E027-43BA-8D4B-4AAAA553EC97}.Debug|Any CPU.Build.0 = Debug|Any CPU
		{E375271D-E027-43BA-8D4B-4AAAA553EC97}.Debug|x64.ActiveCfg = Debug|Any CPU
		{E375271D-E027-43BA-8D4B-4AAAA553EC97}.Debug|x64.Build.0 = Debug|Any CPU
		{E375271D-E027-43BA-8D4B-4AAAA553EC97}.Debug|x86.ActiveCfg = Debug|Any CPU
		{E375271D-E027-43BA-8D4B-4AAAA553EC97}.Debug|x86.Build.0 = Debug|Any CPU
		{E375271D-E027-43BA-8D4B-4AAAA553EC97}.Release|Any CPU.ActiveCfg = Release|Any CPU
		{E375271D-E027-43BA-8D4B-4AAAA553EC97}.Release|Any CPU.Build.0 = Release|Any CPU
		{E375271D-E027-43BA-8D4B-4AAAA553EC97}.Release|x64.ActiveCfg = Release|Any CPU
		{E375271D-E027-43BA-8D4B-4AAAA553EC97}.Release|x64.Build.0 = Release|Any CPU
		{E375271D-E027-43BA-8D4B-4AAAA553EC97}.Release|x86.ActiveCfg = Release|Any CPU
		{E375271D-E027-43BA-8D4B-4AAAA553EC97}.Release|x86.Build.0 = Release|Any CPU
		{79E64BE4-A2EF-4EC6-951E-49BD73809F19}.Debug|Any CPU.ActiveCfg = Debug|Any CPU
		{79E64BE4-A2EF-4EC6-951E-49BD73809F19}.Debug|Any CPU.Build.0 = Debug|Any CPU
		{79E64BE4-A2EF-4EC6-951E-49BD73809F19}.Debug|x64.ActiveCfg = Debug|Any CPU
		{79E64BE4-A2EF-4EC6-951E-49BD73809F19}.Debug|x64.Build.0 = Debug|Any CPU
		{79E64BE4-A2EF-4EC6-951E-49BD73809F19}.Debug|x86.ActiveCfg = Debug|Any CPU
		{79E64BE4-A2EF-4EC6-951E-49BD73809F19}.Debug|x86.Build.0 = Debug|Any CPU
		{79E64BE4-A2EF-4EC6-951E-49BD73809F19}.Release|Any CPU.ActiveCfg = Release|Any CPU
		{79E64BE4-A2EF-4EC6-951E-49BD73809F19}.Release|Any CPU.Build.0 = Release|Any CPU
		{79E64BE4-A2EF-4EC6-951E-49BD73809F19}.Release|x64.ActiveCfg = Release|Any CPU
		{79E64BE4-A2EF-4EC6-951E-49BD73809F19}.Release|x64.Build.0 = Release|Any CPU
		{79E64BE4-A2EF-4EC6-951E-49BD73809F19}.Release|x86.ActiveCfg = Release|Any CPU
		{79E64BE4-A2EF-4EC6-951E-49BD73809F19}.Release|x86.Build.0 = Release|Any CPU
		{9655719D-1194-4C06-B79B-324838DA165D}.Debug|Any CPU.ActiveCfg = Debug|Any CPU
		{9655719D-1194-4C06-B79B-324838DA165D}.Debug|Any CPU.Build.0 = Debug|Any CPU
		{9655719D-1194-4C06-B79B-324838DA165D}.Debug|x64.ActiveCfg = Debug|Any CPU
		{9655719D-1194-4C06-B79B-324838DA165D}.Debug|x64.Build.0 = Debug|Any CPU
		{9655719D-1194-4C06-B79B-324838DA165D}.Debug|x86.ActiveCfg = Debug|Any CPU
		{9655719D-1194-4C06-B79B-324838DA165D}.Debug|x86.Build.0 = Debug|Any CPU
		{9655719D-1194-4C06-B79B-324838DA165D}.Release|Any CPU.ActiveCfg = Release|Any CPU
		{9655719D-1194-4C06-B79B-324838DA165D}.Release|Any CPU.Build.0 = Release|Any CPU
		{9655719D-1194-4C06-B79B-324838DA165D}.Release|x64.ActiveCfg = Release|Any CPU
		{9655719D-1194-4C06-B79B-324838DA165D}.Release|x64.Build.0 = Release|Any CPU
		{9655719D-1194-4C06-B79B-324838DA165D}.Release|x86.ActiveCfg = Release|Any CPU
		{9655719D-1194-4C06-B79B-324838DA165D}.Release|x86.Build.0 = Release|Any CPU
		{129A69FA-E900-4F8D-AD24-CFFE22609E78}.Debug|Any CPU.ActiveCfg = Debug|Any CPU
		{129A69FA-E900-4F8D-AD24-CFFE22609E78}.Debug|Any CPU.Build.0 = Debug|Any CPU
		{129A69FA-E900-4F8D-AD24-CFFE22609E78}.Debug|x64.ActiveCfg = Debug|Any CPU
		{129A69FA-E900-4F8D-AD24-CFFE22609E78}.Debug|x64.Build.0 = Debug|Any CPU
		{129A69FA-E900-4F8D-AD24-CFFE22609E78}.Debug|x86.ActiveCfg = Debug|Any CPU
		{129A69FA-E900-4F8D-AD24-CFFE22609E78}.Debug|x86.Build.0 = Debug|Any CPU
		{129A69FA-E900-4F8D-AD24-CFFE22609E78}.Release|Any CPU.ActiveCfg = Release|Any CPU
		{129A69FA-E900-4F8D-AD24-CFFE22609E78}.Release|Any CPU.Build.0 = Release|Any CPU
		{129A69FA-E900-4F8D-AD24-CFFE22609E78}.Release|x64.ActiveCfg = Release|Any CPU
		{129A69FA-E900-4F8D-AD24-CFFE22609E78}.Release|x64.Build.0 = Release|Any CPU
		{129A69FA-E900-4F8D-AD24-CFFE22609E78}.Release|x86.ActiveCfg = Release|Any CPU
		{129A69FA-E900-4F8D-AD24-CFFE22609E78}.Release|x86.Build.0 = Release|Any CPU
		{1B9AB992-1D47-4ABA-8413-FA0A7A85E1B2}.Debug|Any CPU.ActiveCfg = Debug|Any CPU
		{1B9AB992-1D47-4ABA-8413-FA0A7A85E1B2}.Debug|Any CPU.Build.0 = Debug|Any CPU
		{1B9AB992-1D47-4ABA-8413-FA0A7A85E1B2}.Debug|x64.ActiveCfg = Debug|Any CPU
		{1B9AB992-1D47-4ABA-8413-FA0A7A85E1B2}.Debug|x64.Build.0 = Debug|Any CPU
		{1B9AB992-1D47-4ABA-8413-FA0A7A85E1B2}.Debug|x86.ActiveCfg = Debug|Any CPU
		{1B9AB992-1D47-4ABA-8413-FA0A7A85E1B2}.Debug|x86.Build.0 = Debug|Any CPU
		{1B9AB992-1D47-4ABA-8413-FA0A7A85E1B2}.Release|Any CPU.ActiveCfg = Release|Any CPU
		{1B9AB992-1D47-4ABA-8413-FA0A7A85E1B2}.Release|Any CPU.Build.0 = Release|Any CPU
		{1B9AB992-1D47-4ABA-8413-FA0A7A85E1B2}.Release|x64.ActiveCfg = Release|Any CPU
		{1B9AB992-1D47-4ABA-8413-FA0A7A85E1B2}.Release|x64.Build.0 = Release|Any CPU
		{1B9AB992-1D47-4ABA-8413-FA0A7A85E1B2}.Release|x86.ActiveCfg = Release|Any CPU
		{1B9AB992-1D47-4ABA-8413-FA0A7A85E1B2}.Release|x86.Build.0 = Release|Any CPU
		{D7F25804-B726-47A4-A2C3-8BA3EAF465B6}.Debug|Any CPU.ActiveCfg = Debug|Any CPU
		{D7F25804-B726-47A4-A2C3-8BA3EAF465B6}.Debug|Any CPU.Build.0 = Debug|Any CPU
		{D7F25804-B726-47A4-A2C3-8BA3EAF465B6}.Debug|x64.ActiveCfg = Debug|Any CPU
		{D7F25804-B726-47A4-A2C3-8BA3EAF465B6}.Debug|x64.Build.0 = Debug|Any CPU
		{D7F25804-B726-47A4-A2C3-8BA3EAF465B6}.Debug|x86.ActiveCfg = Debug|Any CPU
		{D7F25804-B726-47A4-A2C3-8BA3EAF465B6}.Debug|x86.Build.0 = Debug|Any CPU
		{D7F25804-B726-47A4-A2C3-8BA3EAF465B6}.Release|Any CPU.ActiveCfg = Release|Any CPU
		{D7F25804-B726-47A4-A2C3-8BA3EAF465B6}.Release|Any CPU.Build.0 = Release|Any CPU
		{D7F25804-B726-47A4-A2C3-8BA3EAF465B6}.Release|x64.ActiveCfg = Release|Any CPU
		{D7F25804-B726-47A4-A2C3-8BA3EAF465B6}.Release|x64.Build.0 = Release|Any CPU
		{D7F25804-B726-47A4-A2C3-8BA3EAF465B6}.Release|x86.ActiveCfg = Release|Any CPU
		{D7F25804-B726-47A4-A2C3-8BA3EAF465B6}.Release|x86.Build.0 = Release|Any CPU
		{808A7DD0-9A3C-4FB1-890A-75BA224C76B9}.Debug|Any CPU.ActiveCfg = Debug|Any CPU
		{808A7DD0-9A3C-4FB1-890A-75BA224C76B9}.Debug|Any CPU.Build.0 = Debug|Any CPU
		{808A7DD0-9A3C-4FB1-890A-75BA224C76B9}.Debug|x64.ActiveCfg = Debug|Any CPU
		{808A7DD0-9A3C-4FB1-890A-75BA224C76B9}.Debug|x64.Build.0 = Debug|Any CPU
		{808A7DD0-9A3C-4FB1-890A-75BA224C76B9}.Debug|x86.ActiveCfg = Debug|Any CPU
		{808A7DD0-9A3C-4FB1-890A-75BA224C76B9}.Debug|x86.Build.0 = Debug|Any CPU
		{808A7DD0-9A3C-4FB1-890A-75BA224C76B9}.Release|Any CPU.ActiveCfg = Release|Any CPU
		{808A7DD0-9A3C-4FB1-890A-75BA224C76B9}.Release|Any CPU.Build.0 = Release|Any CPU
		{808A7DD0-9A3C-4FB1-890A-75BA224C76B9}.Release|x64.ActiveCfg = Release|Any CPU
		{808A7DD0-9A3C-4FB1-890A-75BA224C76B9}.Release|x64.Build.0 = Release|Any CPU
		{808A7DD0-9A3C-4FB1-890A-75BA224C76B9}.Release|x86.ActiveCfg = Release|Any CPU
		{808A7DD0-9A3C-4FB1-890A-75BA224C76B9}.Release|x86.Build.0 = Release|Any CPU
	EndGlobalSection
	GlobalSection(SolutionProperties) = preSolution
		HideSolutionNode = FALSE
	EndGlobalSection
	GlobalSection(NestedProjects) = preSolution
		{981C2CF6-E5BB-602A-511C-234B538302B0} = {827E0CD3-B72D-47B6-A68D-7590B98EB39B}
		{B940872F-C678-4E4D-A1A7-00209A276575} = {981C2CF6-E5BB-602A-511C-234B538302B0}
		{4DF80442-A1E5-CC28-AE7B-27B5F9BFE52B} = {827E0CD3-B72D-47B6-A68D-7590B98EB39B}
		{29752476-FAFD-4024-91C5-1DC9D0CBBD9A} = {4DF80442-A1E5-CC28-AE7B-27B5F9BFE52B}
		{E375271D-E027-43BA-8D4B-4AAAA553EC97} = {4DF80442-A1E5-CC28-AE7B-27B5F9BFE52B}
		{79E64BE4-A2EF-4EC6-951E-49BD73809F19} = {4DF80442-A1E5-CC28-AE7B-27B5F9BFE52B}
		{EC447DCF-ABFA-6E24-52A5-D7FD48A5C558} = {827E0CD3-B72D-47B6-A68D-7590B98EB39B}
		{61DCC6D7-ECE4-129F-6A42-39B2DD414C68} = {EC447DCF-ABFA-6E24-52A5-D7FD48A5C558}
		{9655719D-1194-4C06-B79B-324838DA165D} = {61DCC6D7-ECE4-129F-6A42-39B2DD414C68}
		{129A69FA-E900-4F8D-AD24-CFFE22609E78} = {61DCC6D7-ECE4-129F-6A42-39B2DD414C68}
		{1B9AB992-1D47-4ABA-8413-FA0A7A85E1B2} = {61DCC6D7-ECE4-129F-6A42-39B2DD414C68}
		{D7F25804-B726-47A4-A2C3-8BA3EAF465B6} = {61DCC6D7-ECE4-129F-6A42-39B2DD414C68}
		{DCB6FCB8-FF92-AC57-0842-1F72A354D6B1} = {827E0CD3-B72D-47B6-A68D-7590B98EB39B}
		{808A7DD0-9A3C-4FB1-890A-75BA224C76B9} = {DCB6FCB8-FF92-AC57-0842-1F72A354D6B1}
	EndGlobalSection
EndGlobal
